
Microsoft Visual Studio Solution File, Format Version 12.00
# Visual Studio Version 17
VisualStudioVersion = 17.9.34616.47
MinimumVisualStudioVersion = 10.0.40219.1
Project("{2150E333-8FDC-42A3-9474-1A3956D46DE8}") = "Core", "Core", "{55E3F6F0-47F8-4E99-95E9-71A8492806B1}"
EndProject
Project("{FAE04EC0-301F-11D3-BF4B-00C04F79EFBC}") = "ETicaretAPI.Domain", "Core\ETicaretAPI.Domain\ETicaretAPI.Domain.csproj", "{CE8B502F-AC45-4AAF-85E1-FC2377AF3ED1}"
EndProject
Project("{FAE04EC0-301F-11D3-BF4B-00C04F79EFBC}") = "ETicaret.Application", "Core\ETicaret.Application\ETicaret.Application.csproj", "{7C4E0AC8-E4ED-4B24-BC04-EB3C43A67DEC}"
EndProject
Project("{2150E333-8FDC-42A3-9474-1A3956D46DE8}") = "Infrastructure", "Infrastructure", "{F77DB2D2-7B30-45B6-9BBE-3C3A83DE56D8}"
EndProject
Project("{FAE04EC0-301F-11D3-BF4B-00C04F79EFBC}") = "ETicaretAPI.Infrastructure", "Infrastructure\ETicaretAPI.Infrastructure\ETicaretAPI.Infrastructure.csproj", "{2803C44E-DA9A-4D9F-9277-723B9AF23CEA}"
EndProject
Project("{FAE04EC0-301F-11D3-BF4B-00C04F79EFBC}") = "ETicaretAPI.Persistence", "Infrastructure\ETicaretAPI.Persistence\ETicaretAPI.Persistence.csproj", "{3EE6A19B-BDF2-4F7A-9DA8-5A3ADF3D71B8}"
EndProject
Project("{2150E333-8FDC-42A3-9474-1A3956D46DE8}") = "Presentation", "Presentation", "{B2102F5B-380E-4FD2-8585-E947DA8B5752}"
EndProject
Project("{FAE04EC0-301F-11D3-BF4B-00C04F79EFBC}") = "ETicaretAPI.API", "Presentation\ETicaretAPI.API\ETicaretAPI.API.csproj", "{E75691C6-B903-4869-8E14-9D39C5644473}"
EndProject
Global
	GlobalSection(SolutionConfigurationPlatforms) = preSolution
		Debug|Any CPU = Debug|Any CPU
		Release|Any CPU = Release|Any CPU
	EndGlobalSection
	GlobalSection(ProjectConfigurationPlatforms) = postSolution
		{CE8B502F-AC45-4AAF-85E1-FC2377AF3ED1}.Debug|Any CPU.ActiveCfg = Debug|Any CPU
		{CE8B502F-AC45-4AAF-85E1-FC2377AF3ED1}.Debug|Any CPU.Build.0 = Debug|Any CPU
		{CE8B502F-AC45-4AAF-85E1-FC2377AF3ED1}.Release|Any CPU.ActiveCfg = Release|Any CPU
		{CE8B502F-AC45-4AAF-85E1-FC2377AF3ED1}.Release|Any CPU.Build.0 = Release|Any CPU
		{7C4E0AC8-E4ED-4B24-BC04-EB3C43A67DEC}.Debug|Any CPU.ActiveCfg = Debug|Any CPU
		{7C4E0AC8-E4ED-4B24-BC04-EB3C43A67DEC}.Debug|Any CPU.Build.0 = Debug|Any CPU
		{7C4E0AC8-E4ED-4B24-BC04-EB3C43A67DEC}.Release|Any CPU.ActiveCfg = Release|Any CPU
		{7C4E0AC8-E4ED-4B24-BC04-EB3C43A67DEC}.Release|Any CPU.Build.0 = Release|Any CPU
		{2803C44E-DA9A-4D9F-9277-723B9AF23CEA}.Debug|Any CPU.ActiveCfg = Debug|Any CPU
		{2803C44E-DA9A-4D9F-9277-723B9AF23CEA}.Debug|Any CPU.Build.0 = Debug|Any CPU
		{2803C44E-DA9A-4D9F-9277-723B9AF23CEA}.Release|Any CPU.ActiveCfg = Release|Any CPU
		{2803C44E-DA9A-4D9F-9277-723B9AF23CEA}.Release|Any CPU.Build.0 = Release|Any CPU
		{3EE6A19B-BDF2-4F7A-9DA8-5A3ADF3D71B8}.Debug|Any CPU.ActiveCfg = Debug|Any CPU
		{3EE6A19B-BDF2-4F7A-9DA8-5A3ADF3D71B8}.Debug|Any CPU.Build.0 = Debug|Any CPU
		{3EE6A19B-BDF2-4F7A-9DA8-5A3ADF3D71B8}.Release|Any CPU.ActiveCfg = Release|Any CPU
		{3EE6A19B-BDF2-4F7A-9DA8-5A3ADF3D71B8}.Release|Any CPU.Build.0 = Release|Any CPU
		{E75691C6-B903-4869-8E14-9D39C5644473}.Debug|Any CPU.ActiveCfg = Debug|Any CPU
		{E75691C6-B903-4869-8E14-9D39C5644473}.Debug|Any CPU.Build.0 = Debug|Any CPU
		{E75691C6-B903-4869-8E14-9D39C5644473}.Release|Any CPU.ActiveCfg = Release|Any CPU
		{E75691C6-B903-4869-8E14-9D39C5644473}.Release|Any CPU.Build.0 = Release|Any CPU
	EndGlobalSection
	GlobalSection(SolutionProperties) = preSolution
		HideSolutionNode = FALSE
	EndGlobalSection
	GlobalSection(NestedProjects) = preSolution
		{CE8B502F-AC45-4AAF-85E1-FC2377AF3ED1} = {55E3F6F0-47F8-4E99-95E9-71A8492806B1}
		{7C4E0AC8-E4ED-4B24-BC04-EB3C43A67DEC} = {55E3F6F0-47F8-4E99-95E9-71A8492806B1}
		{2803C44E-DA9A-4D9F-9277-723B9AF23CEA} = {F77DB2D2-7B30-45B6-9BBE-3C3A83DE56D8}
		{3EE6A19B-BDF2-4F7A-9DA8-5A3ADF3D71B8} = {F77DB2D2-7B30-45B6-9BBE-3C3A83DE56D8}
		{E75691C6-B903-4869-8E14-9D39C5644473} = {B2102F5B-380E-4FD2-8585-E947DA8B5752}
	EndGlobalSection
	GlobalSection(ExtensibilityGlobals) = postSolution
		SolutionGuid = {AD658F08-8529-426E-8B66-2D1F87FC7F1A}
	EndGlobalSection
EndGlobal
